
Microsoft Visual Studio Solution File, Format Version 12.00
# Visual Studio 15
VisualStudioVersion = 15.0.27428.2043
MinimumVisualStudioVersion = 10.0.40219.1
Project("{FAE04EC0-301F-11D3-BF4B-00C04F79EFBC}") = "SortUtilities", "SortUtilities\SortUtilities.csproj", "{FD669A88-51B5-42CA-80C2-ECF2880AAF2D}"
EndProject
Project("{FAE04EC0-301F-11D3-BF4B-00C04F79EFBC}") = "SortUtilities.Tests", "SortUtilities.Tests\SortUtilities.Tests.csproj", "{06E6C2B7-9315-471C-84A1-77E140D0332E}"
EndProject
Global
	GlobalSection(SolutionConfigurationPlatforms) = preSolution
		Debug|Any CPU = Debug|Any CPU
		Release|Any CPU = Release|Any CPU
	EndGlobalSection
	GlobalSection(ProjectConfigurationPlatforms) = postSolution
		{FD669A88-51B5-42CA-80C2-ECF2880AAF2D}.Debug|Any CPU.ActiveCfg = Debug|Any CPU
		{FD669A88-51B5-42CA-80C2-ECF2880AAF2D}.Debug|Any CPU.Build.0 = Debug|Any CPU
		{FD669A88-51B5-42CA-80C2-ECF2880AAF2D}.Release|Any CPU.ActiveCfg = Release|Any CPU
		{FD669A88-51B5-42CA-80C2-ECF2880AAF2D}.Release|Any CPU.Build.0 = Release|Any CPU
		{06E6C2B7-9315-471C-84A1-77E140D0332E}.Debug|Any CPU.ActiveCfg = Debug|Any CPU
		{06E6C2B7-9315-471C-84A1-77E140D0332E}.Debug|Any CPU.Build.0 = Debug|Any CPU
		{06E6C2B7-9315-471C-84A1-77E140D0332E}.Release|Any CPU.ActiveCfg = Release|Any CPU
		{06E6C2B7-9315-471C-84A1-77E140D0332E}.Release|Any CPU.Build.0 = Release|Any CPU
	EndGlobalSection
	GlobalSection(SolutionProperties) = preSolution
		HideSolutionNode = FALSE
	EndGlobalSection
	GlobalSection(ExtensibilityGlobals) = postSolution
		SolutionGuid = {814798A2-D3C3-4E17-90F4-AC59643B850D}
	EndGlobalSection
EndGlobal
